
Microsoft Visual Studio Solution File, Format Version 12.00
# Visual Studio 15
VisualStudioVersion = 15.0.27130.2010
MinimumVisualStudioVersion = 10.0.40219.1
Project("{FAE04EC0-301F-11D3-BF4B-00C04F79EFBC}") = "HRMobile.Android", "HRMobile\HRMobile.Android\HRMobile.Android.csproj", "{B09B5189-CF53-46E5-81B2-1C2A92846B7D}"
EndProject
Project("{FAE04EC0-301F-11D3-BF4B-00C04F79EFBC}") = "HRMobile.iOS", "HRMobile\HRMobile.iOS\HRMobile.iOS.csproj", "{53D4A609-1EAE-4A4D-AF23-625159E7865D}"
EndProject
Project("{FAE04EC0-301F-11D3-BF4B-00C04F79EFBC}") = "HRMobile.UWP", "HRMobile\HRMobile.UWP\HRMobile.UWP.csproj", "{749402CA-AD52-451C-8A42-66A978E7E0CA}"
EndProject
Project("{FAE04EC0-301F-11D3-BF4B-00C04F79EFBC}") = "HRMobile", "HRMobile\HRMobile\HRMobile.csproj", "{6A7F37B5-30DA-4120-B816-51011DD71A77}"
EndProject
Global
	GlobalSection(SolutionConfigurationPlatforms) = preSolution
		Ad-Hoc|Any CPU = Ad-Hoc|Any CPU
		Ad-Hoc|ARM = Ad-Hoc|ARM
		Ad-Hoc|iPhone = Ad-Hoc|iPhone
		Ad-Hoc|iPhoneSimulator = Ad-Hoc|iPhoneSimulator
		Ad-Hoc|x64 = Ad-Hoc|x64
		Ad-Hoc|x86 = Ad-Hoc|x86
		AppStore|Any CPU = AppStore|Any CPU
		AppStore|ARM = AppStore|ARM
		AppStore|iPhone = AppStore|iPhone
		AppStore|iPhoneSimulator = AppStore|iPhoneSimulator
		AppStore|x64 = AppStore|x64
		AppStore|x86 = AppStore|x86
		Debug|Any CPU = Debug|Any CPU
		Debug|ARM = Debug|ARM
		Debug|iPhone = Debug|iPhone
		Debug|iPhoneSimulator = Debug|iPhoneSimulator
		Debug|x64 = Debug|x64
		Debug|x86 = Debug|x86
		Release|Any CPU = Release|Any CPU
		Release|ARM = Release|ARM
		Release|iPhone = Release|iPhone
		Release|iPhoneSimulator = Release|iPhoneSimulator
		Release|x64 = Release|x64
		Release|x86 = Release|x86
	EndGlobalSection
	GlobalSection(ProjectConfigurationPlatforms) = postSolution
		{B09B5189-CF53-46E5-81B2-1C2A92846B7D}.Ad-Hoc|Any CPU.ActiveCfg = Release|Any CPU
		{B09B5189-CF53-46E5-81B2-1C2A92846B7D}.Ad-Hoc|Any CPU.Build.0 = Release|Any CPU
		{B09B5189-CF53-46E5-81B2-1C2A92846B7D}.Ad-Hoc|Any CPU.Deploy.0 = Release|Any CPU
		{B09B5189-CF53-46E5-81B2-1C2A92846B7D}.Ad-Hoc|ARM.ActiveCfg = Release|Any CPU
		{B09B5189-CF53-46E5-81B2-1C2A92846B7D}.Ad-Hoc|ARM.Build.0 = Release|Any CPU
		{B09B5189-CF53-46E5-81B2-1C2A92846B7D}.Ad-Hoc|ARM.Deploy.0 = Release|Any CPU
		{B09B5189-CF53-46E5-81B2-1C2A92846B7D}.Ad-Hoc|iPhone.ActiveCfg = Release|Any CPU
		{B09B5189-CF53-46E5-81B2-1C2A92846B7D}.Ad-Hoc|iPhone.Build.0 = Release|Any CPU
		{B09B5189-CF53-46E5-81B2-1C2A92846B7D}.Ad-Hoc|iPhone.Deploy.0 = Release|Any CPU
		{B09B5189-CF53-46E5-81B2-1C2A92846B7D}.Ad-Hoc|iPhoneSimulator.ActiveCfg = Release|Any CPU
		{B09B5189-CF53-46E5-81B2-1C2A92846B7D}.Ad-Hoc|iPhoneSimulator.Build.0 = Release|Any CPU
		{B09B5189-CF53-46E5-81B2-1C2A92846B7D}.Ad-Hoc|iPhoneSimulator.Deploy.0 = Release|Any CPU
		{B09B5189-CF53-46E5-81B2-1C2A92846B7D}.Ad-Hoc|x64.ActiveCfg = Release|Any CPU
		{B09B5189-CF53-46E5-81B2-1C2A92846B7D}.Ad-Hoc|x64.Build.0 = Release|Any CPU
		{B09B5189-CF53-46E5-81B2-1C2A92846B7D}.Ad-Hoc|x64.Deploy.0 = Release|Any CPU
		{B09B5189-CF53-46E5-81B2-1C2A92846B7D}.Ad-Hoc|x86.ActiveCfg = Release|Any CPU
		{B09B5189-CF53-46E5-81B2-1C2A92846B7D}.Ad-Hoc|x86.Build.0 = Release|Any CPU
		{B09B5189-CF53-46E5-81B2-1C2A92846B7D}.Ad-Hoc|x86.Deploy.0 = Release|Any CPU
		{B09B5189-CF53-46E5-81B2-1C2A92846B7D}.AppStore|Any CPU.ActiveCfg = Release|Any CPU
		{B09B5189-CF53-46E5-81B2-1C2A92846B7D}.AppStore|Any CPU.Build.0 = Release|Any CPU
		{B09B5189-CF53-46E5-81B2-1C2A92846B7D}.AppStore|Any CPU.Deploy.0 = Release|Any CPU
		{B09B5189-CF53-46E5-81B2-1C2A92846B7D}.AppStore|ARM.ActiveCfg = Release|Any CPU
		{B09B5189-CF53-46E5-81B2-1C2A92846B7D}.AppStore|ARM.Build.0 = Release|Any CPU
		{B09B5189-CF53-46E5-81B2-1C2A92846B7D}.AppStore|ARM.Deploy.0 = Release|Any CPU
		{B09B5189-CF53-46E5-81B2-1C2A92846B7D}.AppStore|iPhone.ActiveCfg = Release|Any CPU
		{B09B5189-CF53-46E5-81B2-1C2A92846B7D}.AppStore|iPhone.Build.0 = Release|Any CPU
		{B09B5189-CF53-46E5-81B2-1C2A92846B7D}.AppStore|iPhone.Deploy.0 = Release|Any CPU
		{B09B5189-CF53-46E5-81B2-1C2A92846B7D}.AppStore|iPhoneSimulator.ActiveCfg = Release|Any CPU
		{B09B5189-CF53-46E5-81B2-1C2A92846B7D}.AppStore|iPhoneSimulator.Build.0 = Release|Any CPU
		{B09B5189-CF53-46E5-81B2-1C2A92846B7D}.AppStore|iPhoneSimulator.Deploy.0 = Release|Any CPU
		{B09B5189-CF53-46E5-81B2-1C2A92846B7D}.AppStore|x64.ActiveCfg = Release|Any CPU
		{B09B5189-CF53-46E5-81B2-1C2A92846B7D}.AppStore|x64.Build.0 = Release|Any CPU
		{B09B5189-CF53-46E5-81B2-1C2A92846B7D}.AppStore|x64.Deploy.0 = Release|Any CPU
		{B09B5189-CF53-46E5-81B2-1C2A92846B7D}.AppStore|x86.ActiveCfg = Release|Any CPU
		{B09B5189-CF53-46E5-81B2-1C2A92846B7D}.AppStore|x86.Build.0 = Release|Any CPU
		{B09B5189-CF53-46E5-81B2-1C2A92846B7D}.AppStore|x86.Deploy.0 = Release|Any CPU
		{B09B5189-CF53-46E5-81B2-1C2A92846B7D}.Debug|Any CPU.ActiveCfg = Debug|Any CPU
		{B09B5189-CF53-46E5-81B2-1C2A92846B7D}.Debug|Any CPU.Build.0 = Debug|Any CPU
		{B09B5189-CF53-46E5-81B2-1C2A92846B7D}.Debug|Any CPU.Deploy.0 = Debug|Any CPU
		{B09B5189-CF53-46E5-81B2-1C2A92846B7D}.Debug|ARM.ActiveCfg = Debug|Any CPU
		{B09B5189-CF53-46E5-81B2-1C2A92846B7D}.Debug|ARM.Build.0 = Debug|Any CPU
		{B09B5189-CF53-46E5-81B2-1C2A92846B7D}.Debug|ARM.Deploy.0 = Debug|Any CPU
		{B09B5189-CF53-46E5-81B2-1C2A92846B7D}.Debug|iPhone.ActiveCfg = Debug|Any CPU
		{B09B5189-CF53-46E5-81B2-1C2A92846B7D}.Debug|iPhone.Build.0 = Debug|Any CPU
		{B09B5189-CF53-46E5-81B2-1C2A92846B7D}.Debug|iPhone.Deploy.0 = Debug|Any CPU
		{B09B5189-CF53-46E5-81B2-1C2A92846B7D}.Debug|iPhoneSimulator.ActiveCfg = Debug|Any CPU
		{B09B5189-CF53-46E5-81B2-1C2A92846B7D}.Debug|iPhoneSimulator.Build.0 = Debug|Any CPU
		{B09B5189-CF53-46E5-81B2-1C2A92846B7D}.Debug|iPhoneSimulator.Deploy.0 = Debug|Any CPU
		{B09B5189-CF53-46E5-81B2-1C2A92846B7D}.Debug|x64.ActiveCfg = Debug|Any CPU
		{B09B5189-CF53-46E5-81B2-1C2A92846B7D}.Debug|x64.Build.0 = Debug|Any CPU
		{B09B5189-CF53-46E5-81B2-1C2A92846B7D}.Debug|x64.Deploy.0 = Debug|Any CPU
		{B09B5189-CF53-46E5-81B2-1C2A92846B7D}.Debug|x86.ActiveCfg = Debug|Any CPU
		{B09B5189-CF53-46E5-81B2-1C2A92846B7D}.Debug|x86.Build.0 = Debug|Any CPU
		{B09B5189-CF53-46E5-81B2-1C2A92846B7D}.Debug|x86.Deploy.0 = Debug|Any CPU
		{B09B5189-CF53-46E5-81B2-1C2A92846B7D}.Release|Any CPU.ActiveCfg = Release|Any CPU
		{B09B5189-CF53-46E5-81B2-1C2A92846B7D}.Release|Any CPU.Build.0 = Release|Any CPU
		{B09B5189-CF53-46E5-81B2-1C2A92846B7D}.Release|Any CPU.Deploy.0 = Release|Any CPU
		{B09B5189-CF53-46E5-81B2-1C2A92846B7D}.Release|ARM.ActiveCfg = Release|Any CPU
		{B09B5189-CF53-46E5-81B2-1C2A92846B7D}.Release|ARM.Build.0 = Release|Any CPU
		{B09B5189-CF53-46E5-81B2-1C2A92846B7D}.Release|ARM.Deploy.0 = Release|Any CPU
		{B09B5189-CF53-46E5-81B2-1C2A92846B7D}.Release|iPhone.ActiveCfg = Release|Any CPU
		{B09B5189-CF53-46E5-81B2-1C2A92846B7D}.Release|iPhone.Build.0 = Release|Any CPU
		{B09B5189-CF53-46E5-81B2-1C2A92846B7D}.Release|iPhone.Deploy.0 = Release|Any CPU
		{B09B5189-CF53-46E5-81B2-1C2A92846B7D}.Release|iPhoneSimulator.ActiveCfg = Release|Any CPU
		{B09B5189-CF53-46E5-81B2-1C2A92846B7D}.Release|iPhoneSimulator.Build.0 = Release|Any CPU
		{B09B5189-CF53-46E5-81B2-1C2A92846B7D}.Release|iPhoneSimulator.Deploy.0 = Release|Any CPU
		{B09B5189-CF53-46E5-81B2-1C2A92846B7D}.Release|x64.ActiveCfg = Release|Any CPU
		{B09B5189-CF53-46E5-81B2-1C2A92846B7D}.Release|x64.Build.0 = Release|Any CPU
		{B09B5189-CF53-46E5-81B2-1C2A92846B7D}.Release|x64.Deploy.0 = Release|Any CPU
		{B09B5189-CF53-46E5-81B2-1C2A92846B7D}.Release|x86.ActiveCfg = Release|Any CPU
		{B09B5189-CF53-46E5-81B2-1C2A92846B7D}.Release|x86.Build.0 = Release|Any CPU
		{B09B5189-CF53-46E5-81B2-1C2A92846B7D}.Release|x86.Deploy.0 = Release|Any CPU
		{53D4A609-1EAE-4A4D-AF23-625159E7865D}.Ad-Hoc|Any CPU.ActiveCfg = Ad-Hoc|iPhone
		{53D4A609-1EAE-4A4D-AF23-625159E7865D}.Ad-Hoc|ARM.ActiveCfg = Ad-Hoc|iPhone
		{53D4A609-1EAE-4A4D-AF23-625159E7865D}.Ad-Hoc|iPhone.ActiveCfg = Ad-Hoc|iPhone
		{53D4A609-1EAE-4A4D-AF23-625159E7865D}.Ad-Hoc|iPhone.Build.0 = Ad-Hoc|iPhone
		{53D4A609-1EAE-4A4D-AF23-625159E7865D}.Ad-Hoc|iPhoneSimulator.ActiveCfg = Ad-Hoc|iPhoneSimulator
		{53D4A609-1EAE-4A4D-AF23-625159E7865D}.Ad-Hoc|iPhoneSimulator.Build.0 = Ad-Hoc|iPhoneSimulator
		{53D4A609-1EAE-4A4D-AF23-625159E7865D}.Ad-Hoc|x64.ActiveCfg = Ad-Hoc|iPhone
		{53D4A609-1EAE-4A4D-AF23-625159E7865D}.Ad-Hoc|x86.ActiveCfg = Ad-Hoc|iPhone
		{53D4A609-1EAE-4A4D-AF23-625159E7865D}.AppStore|Any CPU.ActiveCfg = AppStore|iPhone
		{53D4A609-1EAE-4A4D-AF23-625159E7865D}.AppStore|ARM.ActiveCfg = AppStore|iPhone
		{53D4A609-1EAE-4A4D-AF23-625159E7865D}.AppStore|iPhone.ActiveCfg = AppStore|iPhone
		{53D4A609-1EAE-4A4D-AF23-625159E7865D}.AppStore|iPhone.Build.0 = AppStore|iPhone
		{53D4A609-1EAE-4A4D-AF23-625159E7865D}.AppStore|iPhoneSimulator.ActiveCfg = AppStore|iPhoneSimulator
		{53D4A609-1EAE-4A4D-AF23-625159E7865D}.AppStore|iPhoneSimulator.Build.0 = AppStore|iPhoneSimulator
		{53D4A609-1EAE-4A4D-AF23-625159E7865D}.AppStore|x64.ActiveCfg = AppStore|iPhone
		{53D4A609-1EAE-4A4D-AF23-625159E7865D}.AppStore|x86.ActiveCfg = AppStore|iPhone
		{53D4A609-1EAE-4A4D-AF23-625159E7865D}.Debug|Any CPU.ActiveCfg = Debug|iPhone
		{53D4A609-1EAE-4A4D-AF23-625159E7865D}.Debug|ARM.ActiveCfg = Debug|iPhone
		{53D4A609-1EAE-4A4D-AF23-625159E7865D}.Debug|iPhone.ActiveCfg = Debug|iPhone
		{53D4A609-1EAE-4A4D-AF23-625159E7865D}.Debug|iPhone.Build.0 = Debug|iPhone
		{53D4A609-1EAE-4A4D-AF23-625159E7865D}.Debug|iPhoneSimulator.ActiveCfg = Debug|iPhoneSimulator
		{53D4A609-1EAE-4A4D-AF23-625159E7865D}.Debug|iPhoneSimulator.Build.0 = Debug|iPhoneSimulator
		{53D4A609-1EAE-4A4D-AF23-625159E7865D}.Debug|x64.ActiveCfg = Debug|iPhone
		{53D4A609-1EAE-4A4D-AF23-625159E7865D}.Debug|x86.ActiveCfg = Debug|iPhone
		{53D4A609-1EAE-4A4D-AF23-625159E7865D}.Release|Any CPU.ActiveCfg = Release|iPhone
		{53D4A609-1EAE-4A4D-AF23-625159E7865D}.Release|ARM.ActiveCfg = Release|iPhone
		{53D4A609-1EAE-4A4D-AF23-625159E7865D}.Release|iPhone.ActiveCfg = Release|iPhone
		{53D4A609-1EAE-4A4D-AF23-625159E7865D}.Release|iPhone.Build.0 = Release|iPhone
		{53D4A609-1EAE-4A4D-AF23-625159E7865D}.Release|iPhoneSimulator.ActiveCfg = Release|iPhoneSimulator
		{53D4A609-1EAE-4A4D-AF23-625159E7865D}.Release|iPhoneSimulator.Build.0 = Release|iPhoneSimulator
		{53D4A609-1EAE-4A4D-AF23-625159E7865D}.Release|x64.ActiveCfg = Release|iPhone
		{53D4A609-1EAE-4A4D-AF23-625159E7865D}.Release|x86.ActiveCfg = Release|iPhone
		{749402CA-AD52-451C-8A42-66A978E7E0CA}.Ad-Hoc|Any CPU.ActiveCfg = Release|x86
		{749402CA-AD52-451C-8A42-66A978E7E0CA}.Ad-Hoc|Any CPU.Build.0 = Release|x86
		{749402CA-AD52-451C-8A42-66A978E7E0CA}.Ad-Hoc|Any CPU.Deploy.0 = Release|x86
		{749402CA-AD52-451C-8A42-66A978E7E0CA}.Ad-Hoc|ARM.ActiveCfg = Release|ARM
		{749402CA-AD52-451C-8A42-66A978E7E0CA}.Ad-Hoc|ARM.Build.0 = Release|ARM
		{749402CA-AD52-451C-8A42-66A978E7E0CA}.Ad-Hoc|ARM.Deploy.0 = Release|ARM
		{749402CA-AD52-451C-8A42-66A978E7E0CA}.Ad-Hoc|iPhone.ActiveCfg = Release|x86
		{749402CA-AD52-451C-8A42-66A978E7E0CA}.Ad-Hoc|iPhone.Build.0 = Release|x86
		{749402CA-AD52-451C-8A42-66A978E7E0CA}.Ad-Hoc|iPhone.Deploy.0 = Release|x86
		{749402CA-AD52-451C-8A42-66A978E7E0CA}.Ad-Hoc|iPhoneSimulator.ActiveCfg = Release|x86
		{749402CA-AD52-451C-8A42-66A978E7E0CA}.Ad-Hoc|iPhoneSimulator.Build.0 = Release|x86
		{749402CA-AD52-451C-8A42-66A978E7E0CA}.Ad-Hoc|iPhoneSimulator.Deploy.0 = Release|x86
		{749402CA-AD52-451C-8A42-66A978E7E0CA}.Ad-Hoc|x64.ActiveCfg = Release|x64
		{749402CA-AD52-451C-8A42-66A978E7E0CA}.Ad-Hoc|x64.Build.0 = Release|x64
		{749402CA-AD52-451C-8A42-66A978E7E0CA}.Ad-Hoc|x64.Deploy.0 = Release|x64
		{749402CA-AD52-451C-8A42-66A978E7E0CA}.Ad-Hoc|x86.ActiveCfg = Release|x86
		{749402CA-AD52-451C-8A42-66A978E7E0CA}.Ad-Hoc|x86.Build.0 = Release|x86
		{749402CA-AD52-451C-8A42-66A978E7E0CA}.Ad-Hoc|x86.Deploy.0 = Release|x86
		{749402CA-AD52-451C-8A42-66A978E7E0CA}.AppStore|Any CPU.ActiveCfg = Release|x86
		{749402CA-AD52-451C-8A42-66A978E7E0CA}.AppStore|Any CPU.Build.0 = Release|x86
		{749402CA-AD52-451C-8A42-66A978E7E0CA}.AppStore|Any CPU.Deploy.0 = Release|x86
		{749402CA-AD52-451C-8A42-66A978E7E0CA}.AppStore|ARM.ActiveCfg = Release|ARM
		{749402CA-AD52-451C-8A42-66A978E7E0CA}.AppStore|ARM.Build.0 = Release|ARM
		{749402CA-AD52-451C-8A42-66A978E7E0CA}.AppStore|ARM.Deploy.0 = Release|ARM
		{749402CA-AD52-451C-8A42-66A978E7E0CA}.AppStore|iPhone.ActiveCfg = Release|x86
		{749402CA-AD52-451C-8A42-66A978E7E0CA}.AppStore|iPhone.Build.0 = Release|x86
		{749402CA-AD52-451C-8A42-66A978E7E0CA}.AppStore|iPhone.Deploy.0 = Release|x86
		{749402CA-AD52-451C-8A42-66A978E7E0CA}.AppStore|iPhoneSimulator.ActiveCfg = Release|x86
		{749402CA-AD52-451C-8A42-66A978E7E0CA}.AppStore|iPhoneSimulator.Build.0 = Release|x86
		{749402CA-AD52-451C-8A42-66A978E7E0CA}.AppStore|iPhoneSimulator.Deploy.0 = Release|x86
		{749402CA-AD52-451C-8A42-66A978E7E0CA}.AppStore|x64.ActiveCfg = Release|x64
		{749402CA-AD52-451C-8A42-66A978E7E0CA}.AppStore|x64.Build.0 = Release|x64
		{749402CA-AD52-451C-8A42-66A978E7E0CA}.AppStore|x64.Deploy.0 = Release|x64
		{749402CA-AD52-451C-8A42-66A978E7E0CA}.AppStore|x86.ActiveCfg = Release|x86
		{749402CA-AD52-451C-8A42-66A978E7E0CA}.AppStore|x86.Build.0 = Release|x86
		{749402CA-AD52-451C-8A42-66A978E7E0CA}.AppStore|x86.Deploy.0 = Release|x86
		{749402CA-AD52-451C-8A42-66A978E7E0CA}.Debug|Any CPU.ActiveCfg = Debug|x86
		{749402CA-AD52-451C-8A42-66A978E7E0CA}.Debug|ARM.ActiveCfg = Debug|ARM
		{749402CA-AD52-451C-8A42-66A978E7E0CA}.Debug|ARM.Build.0 = Debug|ARM
		{749402CA-AD52-451C-8A42-66A978E7E0CA}.Debug|ARM.Deploy.0 = Debug|ARM
		{749402CA-AD52-451C-8A42-66A978E7E0CA}.Debug|iPhone.ActiveCfg = Debug|x86
		{749402CA-AD52-451C-8A42-66A978E7E0CA}.Debug|iPhoneSimulator.ActiveCfg = Debug|x86
		{749402CA-AD52-451C-8A42-66A978E7E0CA}.Debug|x64.ActiveCfg = Debug|x64
		{749402CA-AD52-451C-8A42-66A978E7E0CA}.Debug|x64.Build.0 = Debug|x64
		{749402CA-AD52-451C-8A42-66A978E7E0CA}.Debug|x64.Deploy.0 = Debug|x64
		{749402CA-AD52-451C-8A42-66A978E7E0CA}.Debug|x86.ActiveCfg = Debug|x86
		{749402CA-AD52-451C-8A42-66A978E7E0CA}.Debug|x86.Build.0 = Debug|x86
		{749402CA-AD52-451C-8A42-66A978E7E0CA}.Debug|x86.Deploy.0 = Debug|x86
		{749402CA-AD52-451C-8A42-66A978E7E0CA}.Release|Any CPU.ActiveCfg = Release|x86
		{749402CA-AD52-451C-8A42-66A978E7E0CA}.Release|ARM.ActiveCfg = Release|ARM
		{749402CA-AD52-451C-8A42-66A978E7E0CA}.Release|ARM.Build.0 = Release|ARM
		{749402CA-AD52-451C-8A42-66A978E7E0CA}.Release|ARM.Deploy.0 = Release|ARM
		{749402CA-AD52-451C-8A42-66A978E7E0CA}.Release|iPhone.ActiveCfg = Release|x86
		{749402CA-AD52-451C-8A42-66A978E7E0CA}.Release|iPhoneSimulator.ActiveCfg = Release|x86
		{749402CA-AD52-451C-8A42-66A978E7E0CA}.Release|x64.ActiveCfg = Release|x64
		{749402CA-AD52-451C-8A42-66A978E7E0CA}.Release|x64.Build.0 = Release|x64
		{749402CA-AD52-451C-8A42-66A978E7E0CA}.Release|x64.Deploy.0 = Release|x64
		{749402CA-AD52-451C-8A42-66A978E7E0CA}.Release|x86.ActiveCfg = Release|x86
		{749402CA-AD52-451C-8A42-66A978E7E0CA}.Release|x86.Build.0 = Release|x86
		{749402CA-AD52-451C-8A42-66A978E7E0CA}.Release|x86.Deploy.0 = Release|x86
		{6A7F37B5-30DA-4120-B816-51011DD71A77}.Ad-Hoc|Any CPU.ActiveCfg = Debug|Any CPU
		{6A7F37B5-30DA-4120-B816-51011DD71A77}.Ad-Hoc|Any CPU.Build.0 = Debug|Any CPU
		{6A7F37B5-30DA-4120-B816-51011DD71A77}.Ad-Hoc|ARM.ActiveCfg = Debug|Any CPU
		{6A7F37B5-30DA-4120-B816-51011DD71A77}.Ad-Hoc|ARM.Build.0 = Debug|Any CPU
		{6A7F37B5-30DA-4120-B816-51011DD71A77}.Ad-Hoc|iPhone.ActiveCfg = Debug|Any CPU
		{6A7F37B5-30DA-4120-B816-51011DD71A77}.Ad-Hoc|iPhone.Build.0 = Debug|Any CPU
		{6A7F37B5-30DA-4120-B816-51011DD71A77}.Ad-Hoc|iPhoneSimulator.ActiveCfg = Debug|Any CPU
		{6A7F37B5-30DA-4120-B816-51011DD71A77}.Ad-Hoc|iPhoneSimulator.Build.0 = Debug|Any CPU
		{6A7F37B5-30DA-4120-B816-51011DD71A77}.Ad-Hoc|x64.ActiveCfg = Debug|Any CPU
		{6A7F37B5-30DA-4120-B816-51011DD71A77}.Ad-Hoc|x64.Build.0 = Debug|Any CPU
		{6A7F37B5-30DA-4120-B816-51011DD71A77}.Ad-Hoc|x86.ActiveCfg = Debug|Any CPU
		{6A7F37B5-30DA-4120-B816-51011DD71A77}.Ad-Hoc|x86.Build.0 = Debug|Any CPU
		{6A7F37B5-30DA-4120-B816-51011DD71A77}.AppStore|Any CPU.ActiveCfg = Debug|Any CPU
		{6A7F37B5-30DA-4120-B816-51011DD71A77}.AppStore|Any CPU.Build.0 = Debug|Any CPU
		{6A7F37B5-30DA-4120-B816-51011DD71A77}.AppStore|ARM.ActiveCfg = Debug|Any CPU
		{6A7F37B5-30DA-4120-B816-51011DD71A77}.AppStore|ARM.Build.0 = Debug|Any CPU
		{6A7F37B5-30DA-4120-B816-51011DD71A77}.AppStore|iPhone.ActiveCfg = Debug|Any CPU
		{6A7F37B5-30DA-4120-B816-51011DD71A77}.AppStore|iPhone.Build.0 = Debug|Any CPU
		{6A7F37B5-30DA-4120-B816-51011DD71A77}.AppStore|iPhoneSimulator.ActiveCfg = Debug|Any CPU
		{6A7F37B5-30DA-4120-B816-51011DD71A77}.AppStore|iPhoneSimulator.Build.0 = Debug|Any CPU
		{6A7F37B5-30DA-4120-B816-51011DD71A77}.AppStore|x64.ActiveCfg = Debug|Any CPU
		{6A7F37B5-30DA-4120-B816-51011DD71A77}.AppStore|x64.Build.0 = Debug|Any CPU
		{6A7F37B5-30DA-4120-B816-51011DD71A77}.AppStore|x86.ActiveCfg = Debug|Any CPU
		{6A7F37B5-30DA-4120-B816-51011DD71A77}.AppStore|x86.Build.0 = Debug|Any CPU
		{6A7F37B5-30DA-4120-B816-51011DD71A77}.Debug|Any CPU.ActiveCfg = Debug|Any CPU
		{6A7F37B5-30DA-4120-B816-51011DD71A77}.Debug|Any CPU.Build.0 = Debug|Any CPU
		{6A7F37B5-30DA-4120-B816-51011DD71A77}.Debug|ARM.ActiveCfg = Debug|Any CPU
		{6A7F37B5-30DA-4120-B816-51011DD71A77}.Debug|ARM.Build.0 = Debug|Any CPU
		{6A7F37B5-30DA-4120-B816-51011DD71A77}.Debug|iPhone.ActiveCfg = Debug|Any CPU
		{6A7F37B5-30DA-4120-B816-51011DD71A77}.Debug|iPhone.Build.0 = Debug|Any CPU
		{6A7F37B5-30DA-4120-B816-51011DD71A77}.Debug|iPhoneSimulator.ActiveCfg = Debug|Any CPU
		{6A7F37B5-30DA-4120-B816-51011DD71A77}.Debug|iPhoneSimulator.Build.0 = Debug|Any CPU
		{6A7F37B5-30DA-4120-B816-51011DD71A77}.Debug|x64.ActiveCfg = Debug|Any CPU
		{6A7F37B5-30DA-4120-B816-51011DD71A77}.Debug|x64.Build.0 = Debug|Any CPU
		{6A7F37B5-30DA-4120-B816-51011DD71A77}.Debug|x86.ActiveCfg = Debug|Any CPU
		{6A7F37B5-30DA-4120-B816-51011DD71A77}.Debug|x86.Build.0 = Debug|Any CPU
		{6A7F37B5-30DA-4120-B816-51011DD71A77}.Release|Any CPU.ActiveCfg = Release|Any CPU
		{6A7F37B5-30DA-4120-B816-51011DD71A77}.Release|Any CPU.Build.0 = Release|Any CPU
		{6A7F37B5-30DA-4120-B816-51011DD71A77}.Release|ARM.ActiveCfg = Release|Any CPU
		{6A7F37B5-30DA-4120-B816-51011DD71A77}.Release|ARM.Build.0 = Release|Any CPU
		{6A7F37B5-30DA-4120-B816-51011DD71A77}.Release|iPhone.ActiveCfg = Release|Any CPU
		{6A7F37B5-30DA-4120-B816-51011DD71A77}.Release|iPhone.Build.0 = Release|Any CPU
		{6A7F37B5-30DA-4120-B816-51011DD71A77}.Release|iPhoneSimulator.ActiveCfg = Release|Any CPU
		{6A7F37B5-30DA-4120-B816-51011DD71A77}.Release|iPhoneSimulator.Build.0 = Release|Any CPU
		{6A7F37B5-30DA-4120-B816-51011DD71A77}.Release|x64.ActiveCfg = Release|Any CPU
		{6A7F37B5-30DA-4120-B816-51011DD71A77}.Release|x64.Build.0 = Release|Any CPU
		{6A7F37B5-30DA-4120-B816-51011DD71A77}.Release|x86.ActiveCfg = Release|Any CPU
		{6A7F37B5-30DA-4120-B816-51011DD71A77}.Release|x86.Build.0 = Release|Any CPU
	EndGlobalSection
	GlobalSection(SolutionProperties) = preSolution
		HideSolutionNode = FALSE
	EndGlobalSection
	GlobalSection(ExtensibilityGlobals) = postSolution
		SolutionGuid = {818E5805-8936-47A5-BBE7-FA3D0C2298DA}
	EndGlobalSection
EndGlobal
